
Microsoft Visual Studio Solution File, Format Version 12.00
# Visual Studio Version 16
VisualStudioVersion = 25.0.1706.0
MinimumVisualStudioVersion = 10.0.40219.1
Project("{FAE04EC0-301F-11D3-BF4B-00C04F79EFBC}") = "Hlsl2NumpyMac", "Hlsl2NumpyMac.csproj", "{44ABC55E-81F5-46DD-9E29-D1B18E927CCF}"
EndProject
Global
	GlobalSection(SolutionConfigurationPlatforms) = preSolution
		Debug|Any CPU = Debug|Any CPU
		Release|Any CPU = Release|Any CPU
	EndGlobalSection
	GlobalSection(ProjectConfigurationPlatforms) = postSolution
		{44ABC55E-81F5-46DD-9E29-D1B18E927CCF}.Debug|Any CPU.ActiveCfg = Debug|Any CPU
		{44ABC55E-81F5-46DD-9E29-D1B18E927CCF}.Debug|Any CPU.Build.0 = Debug|Any CPU
		{44ABC55E-81F5-46DD-9E29-D1B18E927CCF}.Release|Any CPU.ActiveCfg = Release|Any CPU
		{44ABC55E-81F5-46DD-9E29-D1B18E927CCF}.Release|Any CPU.Build.0 = Release|Any CPU
	EndGlobalSection
	GlobalSection(SolutionProperties) = preSolution
		HideSolutionNode = FALSE
	EndGlobalSection
	GlobalSection(ExtensibilityGlobals) = postSolution
		SolutionGuid = {4D1E171A-3E3C-4125-915B-1B53D0CBDD03}
	EndGlobalSection
EndGlobal
